
Microsoft Visual Studio Solution File, Format Version 12.00
# Visual Studio Version 17
VisualStudioVersion = 17.6.33717.318
MinimumVisualStudioVersion = 10.0.40219.1
Project("{FAE04EC0-301F-11D3-BF4B-00C04F79EFBC}") = "TodoApiServer", "TodoApiServer\TodoApiServer.csproj", "{0E94643D-BA1A-42B4-89F6-BCF831259998}"
EndProject
Project("{FAE04EC0-301F-11D3-BF4B-00C04F79EFBC}") = "BookRentalshopApi", "BookRentalshopApi\BookRentalshopApi.csproj", "{F564BB41-BCCC-40B0-8347-5782E531BABD}"
EndProject
Global
	GlobalSection(SolutionConfigurationPlatforms) = preSolution
		Debug|Any CPU = Debug|Any CPU
		Release|Any CPU = Release|Any CPU
	EndGlobalSection
	GlobalSection(ProjectConfigurationPlatforms) = postSolution
		{0E94643D-BA1A-42B4-89F6-BCF831259998}.Debug|Any CPU.ActiveCfg = Debug|Any CPU
		{0E94643D-BA1A-42B4-89F6-BCF831259998}.Debug|Any CPU.Build.0 = Debug|Any CPU
		{0E94643D-BA1A-42B4-89F6-BCF831259998}.Release|Any CPU.ActiveCfg = Release|Any CPU
		{0E94643D-BA1A-42B4-89F6-BCF831259998}.Release|Any CPU.Build.0 = Release|Any CPU
		{F564BB41-BCCC-40B0-8347-5782E531BABD}.Debug|Any CPU.ActiveCfg = Debug|Any CPU
		{F564BB41-BCCC-40B0-8347-5782E531BABD}.Debug|Any CPU.Build.0 = Debug|Any CPU
		{F564BB41-BCCC-40B0-8347-5782E531BABD}.Release|Any CPU.ActiveCfg = Release|Any CPU
		{F564BB41-BCCC-40B0-8347-5782E531BABD}.Release|Any CPU.Build.0 = Release|Any CPU
	EndGlobalSection
	GlobalSection(SolutionProperties) = preSolution
		HideSolutionNode = FALSE
	EndGlobalSection
	GlobalSection(ExtensibilityGlobals) = postSolution
		SolutionGuid = {C2BF3373-20C6-4E4D-ABF2-2F70EC257073}
	EndGlobalSection
EndGlobal
